
Microsoft Visual Studio Solution File, Format Version 12.00
# Visual Studio Version 17
VisualStudioVersion = 17.11.35219.272
MinimumVisualStudioVersion = 10.0.40219.1
Project("{FAE04EC0-301F-11D3-BF4B-00C04F79EFBC}") = "ProjectUmbracoCms", "ProjectUmbracoCms\ProjectUmbracoCms.csproj", "{1359C2A2-4D96-4250-B328-FF12CF7D910B}"
EndProject
Global
	GlobalSection(SolutionConfigurationPlatforms) = preSolution
		Debug|Any CPU = Debug|Any CPU
		Release|Any CPU = Release|Any CPU
	EndGlobalSection
	GlobalSection(ProjectConfigurationPlatforms) = postSolution
		{1359C2A2-4D96-4250-B328-FF12CF7D910B}.Debug|Any CPU.ActiveCfg = Debug|Any CPU
		{1359C2A2-4D96-4250-B328-FF12CF7D910B}.Debug|Any CPU.Build.0 = Debug|Any CPU
		{1359C2A2-4D96-4250-B328-FF12CF7D910B}.Release|Any CPU.ActiveCfg = Release|Any CPU
		{1359C2A2-4D96-4250-B328-FF12CF7D910B}.Release|Any CPU.Build.0 = Release|Any CPU
	EndGlobalSection
	GlobalSection(SolutionProperties) = preSolution
		HideSolutionNode = FALSE
	EndGlobalSection
	GlobalSection(ExtensibilityGlobals) = postSolution
		SolutionGuid = {62397C26-3C29-48FF-B5A9-284219F990B0}
	EndGlobalSection
EndGlobal
